{
  "version": 1,
  "dependencies": {
    "net10.0-windows7.0": {
      "armory.client": {
        "type": "Project",
        "dependencies": {
          "Armory.Storage": "[1.0.0, )",
          "Armory.Telemetry": "[1.0.0, )"
        }
      },
      "armory.core": {
        "type": "Project"
      },
      "armory.storage": {
        "type": "Project"
      },
      "armory.telemetry": {
        "type": "Project"
      }
    }
  }
}