
Microsoft Visual Studio Solution File, Format Version 12.00
# Visual Studio Version 17
VisualStudioVersion = 17.0.31903.59
MinimumVisualStudioVersion = 10.0.40219.1
Project("{2150E333-8FDC-42A3-9474-1A3956D46DE8}") = "src", "src", "{827E0CD3-B72D-47B6-A68D-7590B98EB39B}"
EndProject
Project("{FAE04EC0-301F-11D3-BF4B-00C04F79EFBC}") = "Armory.Core", "src\Armory.Core\Armory.Core.csproj", "{98130B87-91B5-4E9A-AF37-6DBDE25F1241}"
EndProject
Project("{2150E333-8FDC-42A3-9474-1A3956D46DE8}") = "tests", "tests", "{0AB3BF05-4346-4AA6-1389-037BE0695223}"
EndProject
Project("{FAE04EC0-301F-11D3-BF4B-00C04F79EFBC}") = "Armory.Core.Tests", "tests\Armory.Core.Tests\Armory.Core.Tests.csproj", "{769E42DB-1A07-4EFC-8C0A-D70D384EE50D}"
EndProject
Project("{FAE04EC0-301F-11D3-BF4B-00C04F79EFBC}") = "Armory.Platform.Windows", "src\Armory.Platform.Windows\Armory.Platform.Windows.csproj", "{1898CEFA-F857-479C-9C7A-4755D00B76BF}"
EndProject
Project("{FAE04EC0-301F-11D3-BF4B-00C04F79EFBC}") = "Armory.Platform.Windows.Tests", "tests\Armory.Platform.Windows.Tests\Armory.Platform.Windows.Tests.csproj", "{485977FF-CEBC-41A9-A98E-6F6993F576E9}"
EndProject
Project("{2150E333-8FDC-42A3-9474-1A3956D46DE8}") = "tools", "tools", "{07C2787E-EAC7-C090-1BA3-A61EC2A24D84}"
EndProject
Project("{FAE04EC0-301F-11D3-BF4B-00C04F79EFBC}") = "Armory.Probe", "tools\Armory.Probe\Armory.Probe.csproj", "{F4A1B815-7E60-4F55-B5B3-3408768758F1}"
EndProject
Project("{FAE04EC0-301F-11D3-BF4B-00C04F79EFBC}") = "Armory.Storage", "src\Armory.Storage\Armory.Storage.csproj", "{A71D273A-D56E-4677-B22A-A4BE2C3F2832}"
EndProject
Project("{FAE04EC0-301F-11D3-BF4B-00C04F79EFBC}") = "Armory.Storage.Tests", "tests\Armory.Storage.Tests\Armory.Storage.Tests.csproj", "{53A8ADEF-47A5-4D84-8D65-E57EF484DC9D}"
EndProject
Project("{FAE04EC0-301F-11D3-BF4B-00C04F79EFBC}") = "Armory.Server.Tests", "tests\Armory.Server.Tests\Armory.Server.Tests.csproj", "{636F4425-0643-4C97-B9C5-C524560250B8}"
EndProject
Project("{FAE04EC0-301F-11D3-BF4B-00C04F79EFBC}") = "Armory.Client", "src\Armory.Client\Armory.Client.csproj", "{1D2C134B-1F8F-4240-BE2C-EDFA986F306D}"
EndProject
Project("{FAE04EC0-301F-11D3-BF4B-00C04F79EFBC}") = "Armory.Client.Tests", "tests\Armory.Client.Tests\Armory.Client.Tests.csproj", "{7B7ACE27-2A2A-4724-9335-DE840DA46710}"
EndProject
Project("{FAE04EC0-301F-11D3-BF4B-00C04F79EFBC}") = "Armory.TestSupport", "tests\Armory.TestSupport\Armory.TestSupport.csproj", "{0450ED18-ACFE-4C79-8110-EDEBE8E5DE69}"
EndProject
Project("{FAE04EC0-301F-11D3-BF4B-00C04F79EFBC}") = "Armory.TestSupport.Tests", "tests\Armory.TestSupport.Tests\Armory.TestSupport.Tests.csproj", "{4C9DAA98-DDC0-4EAD-B74C-881E1145C1D9}"
EndProject
Project("{FAE04EC0-301F-11D3-BF4B-00C04F79EFBC}") = "Armory.Agent.Engine", "src\Armory.Agent.Engine\Armory.Agent.Engine.csproj", "{230E04E0-B587-43D4-8818-F1EE55135347}"
EndProject
Project("{FAE04EC0-301F-11D3-BF4B-00C04F79EFBC}") = "Armory.Agent.Engine.Tests", "tests\Armory.Agent.Engine.Tests\Armory.Agent.Engine.Tests.csproj", "{B13CBBCE-F595-47A2-9040-D68F90B8894C}"
EndProject
Project("{FAE04EC0-301F-11D3-BF4B-00C04F79EFBC}") = "Armory.EndToEnd.Tests", "tests\Armory.EndToEnd.Tests\Armory.EndToEnd.Tests.csproj", "{EC26E3E6-D006-4AE2-A5FC-C456525CB30C}"
EndProject
Project("{FAE04EC0-301F-11D3-BF4B-00C04F79EFBC}") = "Armory.Agent", "src\Armory.Agent\Armory.Agent.csproj", "{5BEF8A7E-5382-400E-9B05-2ABFF8FEC2ED}"
EndProject
Project("{FAE04EC0-301F-11D3-BF4B-00C04F79EFBC}") = "Armory.Agent.Tests", "tests\Armory.Agent.Tests\Armory.Agent.Tests.csproj", "{B6BDDED3-CEED-4122-B059-054672ACBACD}"
EndProject
Project("{FAE04EC0-301F-11D3-BF4B-00C04F79EFBC}") = "Armory.Telemetry", "src\Armory.Telemetry\Armory.Telemetry.csproj", "{4CA89FAE-C938-4D05-85D4-FADEF55764E4}"
EndProject
Project("{FAE04EC0-301F-11D3-BF4B-00C04F79EFBC}") = "Armory.Telemetry.Tests", "tests\Armory.Telemetry.Tests\Armory.Telemetry.Tests.csproj", "{F5DD6A16-9AA7-4CC7-9439-0CEBCF358AE3}"
EndProject
Project("{FAE04EC0-301F-11D3-BF4B-00C04F79EFBC}") = "Armory.SolidWorks", "src\Armory.SolidWorks\Armory.SolidWorks.csproj", "{6E53CE27-51AC-4BE6-A0FB-767EB832B3A9}"
EndProject
Project("{FAE04EC0-301F-11D3-BF4B-00C04F79EFBC}") = "Armory.SolidWorks.Tests", "tests\Armory.SolidWorks.Tests\Armory.SolidWorks.Tests.csproj", "{98C733A8-F286-4529-8C92-02245DFBC9D6}"
EndProject
Project("{FAE04EC0-301F-11D3-BF4B-00C04F79EFBC}") = "Armory.FakeSolidWorks", "tests\Armory.FakeSolidWorks\Armory.FakeSolidWorks.csproj", "{30413AFD-531D-403D-B199-57ED09F1DE9E}"
EndProject
Global
	GlobalSection(SolutionConfigurationPlatforms) = preSolution
		Debug|Any CPU = Debug|Any CPU
		Debug|x64 = Debug|x64
		Debug|x86 = Debug|x86
		Release|Any CPU = Release|Any CPU
		Release|x64 = Release|x64
		Release|x86 = Release|x86
	EndGlobalSection
	GlobalSection(ProjectConfigurationPlatforms) = postSolution
		{98130B87-91B5-4E9A-AF37-6DBDE25F1241}.Debug|Any CPU.ActiveCfg = Debug|Any CPU
		{98130B87-91B5-4E9A-AF37-6DBDE25F1241}.Debug|Any CPU.Build.0 = Debug|Any CPU
		{98130B87-91B5-4E9A-AF37-6DBDE25F1241}.Debug|x64.ActiveCfg = Debug|Any CPU
		{98130B87-91B5-4E9A-AF37-6DBDE25F1241}.Debug|x64.Build.0 = Debug|Any CPU
		{98130B87-91B5-4E9A-AF37-6DBDE25F1241}.Debug|x86.ActiveCfg = Debug|Any CPU
		{98130B87-91B5-4E9A-AF37-6DBDE25F1241}.Debug|x86.Build.0 = Debug|Any CPU
		{98130B87-91B5-4E9A-AF37-6DBDE25F1241}.Release|Any CPU.ActiveCfg = Release|Any CPU
		{98130B87-91B5-4E9A-AF37-6DBDE25F1241}.Release|Any CPU.Build.0 = Release|Any CPU
		{98130B87-91B5-4E9A-AF37-6DBDE25F1241}.Release|x64.ActiveCfg = Release|Any CPU
		{98130B87-91B5-4E9A-AF37-6DBDE25F1241}.Release|x64.Build.0 = Release|Any CPU
		{98130B87-91B5-4E9A-AF37-6DBDE25F1241}.Release|x86.ActiveCfg = Release|Any CPU
		{98130B87-91B5-4E9A-AF37-6DBDE25F1241}.Release|x86.Build.0 = Release|Any CPU
		{769E42DB-1A07-4EFC-8C0A-D70D384EE50D}.Debug|Any CPU.ActiveCfg = Debug|Any CPU
		{769E42DB-1A07-4EFC-8C0A-D70D384EE50D}.Debug|Any CPU.Build.0 = Debug|Any CPU
		{769E42DB-1A07-4EFC-8C0A-D70D384EE50D}.Debug|x64.ActiveCfg = Debug|Any CPU
		{769E42DB-1A07-4EFC-8C0A-D70D384EE50D}.Debug|x64.Build.0 = Debug|Any CPU
		{769E42DB-1A07-4EFC-8C0A-D70D384EE50D}.Debug|x86.ActiveCfg = Debug|Any CPU
		{769E42DB-1A07-4EFC-8C0A-D70D384EE50D}.Debug|x86.Build.0 = Debug|Any CPU
		{769E42DB-1A07-4EFC-8C0A-D70D384EE50D}.Release|Any CPU.ActiveCfg = Release|Any CPU
		{769E42DB-1A07-4EFC-8C0A-D70D384EE50D}.Release|Any CPU.Build.0 = Release|Any CPU
		{769E42DB-1A07-4EFC-8C0A-D70D384EE50D}.Release|x64.ActiveCfg = Release|Any CPU
		{769E42DB-1A07-4EFC-8C0A-D70D384EE50D}.Release|x64.Build.0 = Release|Any CPU
		{769E42DB-1A07-4EFC-8C0A-D70D384EE50D}.Release|x86.ActiveCfg = Release|Any CPU
		{769E42DB-1A07-4EFC-8C0A-D70D384EE50D}.Release|x86.Build.0 = Release|Any CPU
		{1898CEFA-F857-479C-9C7A-4755D00B76BF}.Debug|Any CPU.ActiveCfg = Debug|Any CPU
		{1898CEFA-F857-479C-9C7A-4755D00B76BF}.Debug|Any CPU.Build.0 = Debug|Any CPU
		{1898CEFA-F857-479C-9C7A-4755D00B76BF}.Debug|x64.ActiveCfg = Debug|Any CPU
		{1898CEFA-F857-479C-9C7A-4755D00B76BF}.Debug|x64.Build.0 = Debug|Any CPU
		{1898CEFA-F857-479C-9C7A-4755D00B76BF}.Debug|x86.ActiveCfg = Debug|Any CPU
		{1898CEFA-F857-479C-9C7A-4755D00B76BF}.Debug|x86.Build.0 = Debug|Any CPU
		{1898CEFA-F857-479C-9C7A-4755D00B76BF}.Release|Any CPU.ActiveCfg = Release|Any CPU
		{1898CEFA-F857-479C-9C7A-4755D00B76BF}.Release|Any CPU.Build.0 = Release|Any CPU
		{1898CEFA-F857-479C-9C7A-4755D00B76BF}.Release|x64.ActiveCfg = Release|Any CPU
		{1898CEFA-F857-479C-9C7A-4755D00B76BF}.Release|x64.Build.0 = Release|Any CPU
		{1898CEFA-F857-479C-9C7A-4755D00B76BF}.Release|x86.ActiveCfg = Release|Any CPU
		{1898CEFA-F857-479C-9C7A-4755D00B76BF}.Release|x86.Build.0 = Release|Any CPU
		{485977FF-CEBC-41A9-A98E-6F6993F576E9}.Debug|Any CPU.ActiveCfg = Debug|Any CPU
		{485977FF-CEBC-41A9-A98E-6F6993F576E9}.Debug|Any CPU.Build.0 = Debug|Any CPU
		{485977FF-CEBC-41A9-A98E-6F6993F576E9}.Debug|x64.ActiveCfg = Debug|Any CPU
		{485977FF-CEBC-41A9-A98E-6F6993F576E9}.Debug|x64.Build.0 = Debug|Any CPU
		{485977FF-CEBC-41A9-A98E-6F6993F576E9}.Debug|x86.ActiveCfg = Debug|Any CPU
		{485977FF-CEBC-41A9-A98E-6F6993F576E9}.Debug|x86.Build.0 = Debug|Any CPU
		{485977FF-CEBC-41A9-A98E-6F6993F576E9}.Release|Any CPU.ActiveCfg = Release|Any CPU
		{485977FF-CEBC-41A9-A98E-6F6993F576E9}.Release|Any CPU.Build.0 = Release|Any CPU
		{485977FF-CEBC-41A9-A98E-6F6993F576E9}.Release|x64.ActiveCfg = Release|Any CPU
		{485977FF-CEBC-41A9-A98E-6F6993F576E9}.Release|x64.Build.0 = Release|Any CPU
		{485977FF-CEBC-41A9-A98E-6F6993F576E9}.Release|x86.ActiveCfg = Release|Any CPU
		{485977FF-CEBC-41A9-A98E-6F6993F576E9}.Release|x86.Build.0 = Release|Any CPU
		{F4A1B815-7E60-4F55-B5B3-3408768758F1}.Debug|Any CPU.ActiveCfg = Debug|Any CPU
		{F4A1B815-7E60-4F55-B5B3-3408768758F1}.Debug|Any CPU.Build.0 = Debug|Any CPU
		{F4A1B815-7E60-4F55-B5B3-3408768758F1}.Debug|x64.ActiveCfg = Debug|Any CPU
		{F4A1B815-7E60-4F55-B5B3-3408768758F1}.Debug|x64.Build.0 = Debug|Any CPU
		{F4A1B815-7E60-4F55-B5B3-3408768758F1}.Debug|x86.ActiveCfg = Debug|Any CPU
		{F4A1B815-7E60-4F55-B5B3-3408768758F1}.Debug|x86.Build.0 = Debug|Any CPU
		{F4A1B815-7E60-4F55-B5B3-3408768758F1}.Release|Any CPU.ActiveCfg = Release|Any CPU
		{F4A1B815-7E60-4F55-B5B3-3408768758F1}.Release|Any CPU.Build.0 = Release|Any CPU
		{F4A1B815-7E60-4F55-B5B3-3408768758F1}.Release|x64.ActiveCfg = Release|Any CPU
		{F4A1B815-7E60-4F55-B5B3-3408768758F1}.Release|x64.Build.0 = Release|Any CPU
		{F4A1B815-7E60-4F55-B5B3-3408768758F1}.Release|x86.ActiveCfg = Release|Any CPU
		{F4A1B815-7E60-4F55-B5B3-3408768758F1}.Release|x86.Build.0 = Release|Any CPU
		{A71D273A-D56E-4677-B22A-A4BE2C3F2832}.Debug|Any CPU.ActiveCfg = Debug|Any CPU
		{A71D273A-D56E-4677-B22A-A4BE2C3F2832}.Debug|Any CPU.Build.0 = Debug|Any CPU
		{A71D273A-D56E-4677-B22A-A4BE2C3F2832}.Debug|x64.ActiveCfg = Debug|Any CPU
		{A71D273A-D56E-4677-B22A-A4BE2C3F2832}.Debug|x64.Build.0 = Debug|Any CPU
		{A71D273A-D56E-4677-B22A-A4BE2C3F2832}.Debug|x86.ActiveCfg = Debug|Any CPU
		{A71D273A-D56E-4677-B22A-A4BE2C3F2832}.Debug|x86.Build.0 = Debug|Any CPU
		{A71D273A-D56E-4677-B22A-A4BE2C3F2832}.Release|Any CPU.ActiveCfg = Release|Any CPU
		{A71D273A-D56E-4677-B22A-A4BE2C3F2832}.Release|Any CPU.Build.0 = Release|Any CPU
		{A71D273A-D56E-4677-B22A-A4BE2C3F2832}.Release|x64.ActiveCfg = Release|Any CPU
		{A71D273A-D56E-4677-B22A-A4BE2C3F2832}.Release|x64.Build.0 = Release|Any CPU
		{A71D273A-D56E-4677-B22A-A4BE2C3F2832}.Release|x86.ActiveCfg = Release|Any CPU
		{A71D273A-D56E-4677-B22A-A4BE2C3F2832}.Release|x86.Build.0 = Release|Any CPU
		{53A8ADEF-47A5-4D84-8D65-E57EF484DC9D}.Debug|Any CPU.ActiveCfg = Debug|Any CPU
		{53A8ADEF-47A5-4D84-8D65-E57EF484DC9D}.Debug|Any CPU.Build.0 = Debug|Any CPU
		{53A8ADEF-47A5-4D84-8D65-E57EF484DC9D}.Debug|x64.ActiveCfg = Debug|Any CPU
		{53A8ADEF-47A5-4D84-8D65-E57EF484DC9D}.Debug|x64.Build.0 = Debug|Any CPU
		{53A8ADEF-47A5-4D84-8D65-E57EF484DC9D}.Debug|x86.ActiveCfg = Debug|Any CPU
		{53A8ADEF-47A5-4D84-8D65-E57EF484DC9D}.Debug|x86.Build.0 = Debug|Any CPU
		{53A8ADEF-47A5-4D84-8D65-E57EF484DC9D}.Release|Any CPU.ActiveCfg = Release|Any CPU
		{53A8ADEF-47A5-4D84-8D65-E57EF484DC9D}.Release|Any CPU.Build.0 = Release|Any CPU
		{53A8ADEF-47A5-4D84-8D65-E57EF484DC9D}.Release|x64.ActiveCfg = Release|Any CPU
		{53A8ADEF-47A5-4D84-8D65-E57EF484DC9D}.Release|x64.Build.0 = Release|Any CPU
		{53A8ADEF-47A5-4D84-8D65-E57EF484DC9D}.Release|x86.ActiveCfg = Release|Any CPU
		{53A8ADEF-47A5-4D84-8D65-E57EF484DC9D}.Release|x86.Build.0 = Release|Any CPU
		{636F4425-0643-4C97-B9C5-C524560250B8}.Debug|Any CPU.ActiveCfg = Debug|Any CPU
		{636F4425-0643-4C97-B9C5-C524560250B8}.Debug|Any CPU.Build.0 = Debug|Any CPU
		{636F4425-0643-4C97-B9C5-C524560250B8}.Debug|x64.ActiveCfg = Debug|Any CPU
		{636F4425-0643-4C97-B9C5-C524560250B8}.Debug|x64.Build.0 = Debug|Any CPU
		{636F4425-0643-4C97-B9C5-C524560250B8}.Debug|x86.ActiveCfg = Debug|Any CPU
		{636F4425-0643-4C97-B9C5-C524560250B8}.Debug|x86.Build.0 = Debug|Any CPU
		{636F4425-0643-4C97-B9C5-C524560250B8}.Release|Any CPU.ActiveCfg = Release|Any CPU
		{636F4425-0643-4C97-B9C5-C524560250B8}.Release|Any CPU.Build.0 = Release|Any CPU
		{636F4425-0643-4C97-B9C5-C524560250B8}.Release|x64.ActiveCfg = Release|Any CPU
		{636F4425-0643-4C97-B9C5-C524560250B8}.Release|x64.Build.0 = Release|Any CPU
		{636F4425-0643-4C97-B9C5-C524560250B8}.Release|x86.ActiveCfg = Release|Any CPU
		{636F4425-0643-4C97-B9C5-C524560250B8}.Release|x86.Build.0 = Release|Any CPU
		{1D2C134B-1F8F-4240-BE2C-EDFA986F306D}.Debug|Any CPU.ActiveCfg = Debug|Any CPU
		{1D2C134B-1F8F-4240-BE2C-EDFA986F306D}.Debug|Any CPU.Build.0 = Debug|Any CPU
		{1D2C134B-1F8F-4240-BE2C-EDFA986F306D}.Debug|x64.ActiveCfg = Debug|Any CPU
		{1D2C134B-1F8F-4240-BE2C-EDFA986F306D}.Debug|x64.Build.0 = Debug|Any CPU
		{1D2C134B-1F8F-4240-BE2C-EDFA986F306D}.Debug|x86.ActiveCfg = Debug|Any CPU
		{1D2C134B-1F8F-4240-BE2C-EDFA986F306D}.Debug|x86.Build.0 = Debug|Any CPU
		{1D2C134B-1F8F-4240-BE2C-EDFA986F306D}.Release|Any CPU.ActiveCfg = Release|Any CPU
		{1D2C134B-1F8F-4240-BE2C-EDFA986F306D}.Release|Any CPU.Build.0 = Release|Any CPU
		{1D2C134B-1F8F-4240-BE2C-EDFA986F306D}.Release|x64.ActiveCfg = Release|Any CPU
		{1D2C134B-1F8F-4240-BE2C-EDFA986F306D}.Release|x64.Build.0 = Release|Any CPU
		{1D2C134B-1F8F-4240-BE2C-EDFA986F306D}.Release|x86.ActiveCfg = Release|Any CPU
		{1D2C134B-1F8F-4240-BE2C-EDFA986F306D}.Release|x86.Build.0 = Release|Any CPU
		{7B7ACE27-2A2A-4724-9335-DE840DA46710}.Debug|Any CPU.ActiveCfg = Debug|Any CPU
		{7B7ACE27-2A2A-4724-9335-DE840DA46710}.Debug|Any CPU.Build.0 = Debug|Any CPU
		{7B7ACE27-2A2A-4724-9335-DE840DA46710}.Debug|x64.ActiveCfg = Debug|Any CPU
		{7B7ACE27-2A2A-4724-9335-DE840DA46710}.Debug|x64.Build.0 = Debug|Any CPU
		{7B7ACE27-2A2A-4724-9335-DE840DA46710}.Debug|x86.ActiveCfg = Debug|Any CPU
		{7B7ACE27-2A2A-4724-9335-DE840DA46710}.Debug|x86.Build.0 = Debug|Any CPU
		{7B7ACE27-2A2A-4724-9335-DE840DA46710}.Release|Any CPU.ActiveCfg = Release|Any CPU
		{7B7ACE27-2A2A-4724-9335-DE840DA46710}.Release|Any CPU.Build.0 = Release|Any CPU
		{7B7ACE27-2A2A-4724-9335-DE840DA46710}.Release|x64.ActiveCfg = Release|Any CPU
		{7B7ACE27-2A2A-4724-9335-DE840DA46710}.Release|x64.Build.0 = Release|Any CPU
		{7B7ACE27-2A2A-4724-9335-DE840DA46710}.Release|x86.ActiveCfg = Release|Any CPU
		{7B7ACE27-2A2A-4724-9335-DE840DA46710}.Release|x86.Build.0 = Release|Any CPU
		{0450ED18-ACFE-4C79-8110-EDEBE8E5DE69}.Debug|Any CPU.ActiveCfg = Debug|Any CPU
		{0450ED18-ACFE-4C79-8110-EDEBE8E5DE69}.Debug|Any CPU.Build.0 = Debug|Any CPU
		{0450ED18-ACFE-4C79-8110-EDEBE8E5DE69}.Debug|x64.ActiveCfg = Debug|Any CPU
		{0450ED18-ACFE-4C79-8110-EDEBE8E5DE69}.Debug|x64.Build.0 = Debug|Any CPU
		{0450ED18-ACFE-4C79-8110-EDEBE8E5DE69}.Debug|x86.ActiveCfg = Debug|Any CPU
		{0450ED18-ACFE-4C79-8110-EDEBE8E5DE69}.Debug|x86.Build.0 = Debug|Any CPU
		{0450ED18-ACFE-4C79-8110-EDEBE8E5DE69}.Release|Any CPU.ActiveCfg = Release|Any CPU
		{0450ED18-ACFE-4C79-8110-EDEBE8E5DE69}.Release|Any CPU.Build.0 = Release|Any CPU
		{0450ED18-ACFE-4C79-8110-EDEBE8E5DE69}.Release|x64.ActiveCfg = Release|Any CPU
		{0450ED18-ACFE-4C79-8110-EDEBE8E5DE69}.Release|x64.Build.0 = Release|Any CPU
		{0450ED18-ACFE-4C79-8110-EDEBE8E5DE69}.Release|x86.ActiveCfg = Release|Any CPU
		{0450ED18-ACFE-4C79-8110-EDEBE8E5DE69}.Release|x86.Build.0 = Release|Any CPU
		{4C9DAA98-DDC0-4EAD-B74C-881E1145C1D9}.Debug|Any CPU.ActiveCfg = Debug|Any CPU
		{4C9DAA98-DDC0-4EAD-B74C-881E1145C1D9}.Debug|Any CPU.Build.0 = Debug|Any CPU
		{4C9DAA98-DDC0-4EAD-B74C-881E1145C1D9}.Debug|x64.ActiveCfg = Debug|Any CPU
		{4C9DAA98-DDC0-4EAD-B74C-881E1145C1D9}.Debug|x64.Build.0 = Debug|Any CPU
		{4C9DAA98-DDC0-4EAD-B74C-881E1145C1D9}.Debug|x86.ActiveCfg = Debug|Any CPU
		{4C9DAA98-DDC0-4EAD-B74C-881E1145C1D9}.Debug|x86.Build.0 = Debug|Any CPU
		{4C9DAA98-DDC0-4EAD-B74C-881E1145C1D9}.Release|Any CPU.ActiveCfg = Release|Any CPU
		{4C9DAA98-DDC0-4EAD-B74C-881E1145C1D9}.Release|Any CPU.Build.0 = Release|Any CPU
		{4C9DAA98-DDC0-4EAD-B74C-881E1145C1D9}.Release|x64.ActiveCfg = Release|Any CPU
		{4C9DAA98-DDC0-4EAD-B74C-881E1145C1D9}.Release|x64.Build.0 = Release|Any CPU
		{4C9DAA98-DDC0-4EAD-B74C-881E1145C1D9}.Release|x86.ActiveCfg = Release|Any CPU
		{4C9DAA98-DDC0-4EAD-B74C-881E1145C1D9}.Release|x86.Build.0 = Release|Any CPU
		{230E04E0-B587-43D4-8818-F1EE55135347}.Debug|Any CPU.ActiveCfg = Debug|Any CPU
		{230E04E0-B587-43D4-8818-F1EE55135347}.Debug|Any CPU.Build.0 = Debug|Any CPU
		{230E04E0-B587-43D4-8818-F1EE55135347}.Debug|x64.ActiveCfg = Debug|Any CPU
		{230E04E0-B587-43D4-8818-F1EE55135347}.Debug|x64.Build.0 = Debug|Any CPU
		{230E04E0-B587-43D4-8818-F1EE55135347}.Debug|x86.ActiveCfg = Debug|Any CPU
		{230E04E0-B587-43D4-8818-F1EE55135347}.Debug|x86.Build.0 = Debug|Any CPU
		{230E04E0-B587-43D4-8818-F1EE55135347}.Release|Any CPU.ActiveCfg = Release|Any CPU
		{230E04E0-B587-43D4-8818-F1EE55135347}.Release|Any CPU.Build.0 = Release|Any CPU
		{230E04E0-B587-43D4-8818-F1EE55135347}.Release|x64.ActiveCfg = Release|Any CPU
		{230E04E0-B587-43D4-8818-F1EE55135347}.Release|x64.Build.0 = Release|Any CPU
		{230E04E0-B587-43D4-8818-F1EE55135347}.Release|x86.ActiveCfg = Release|Any CPU
		{230E04E0-B587-43D4-8818-F1EE55135347}.Release|x86.Build.0 = Release|Any CPU
		{B13CBBCE-F595-47A2-9040-D68F90B8894C}.Debug|Any CPU.ActiveCfg = Debug|Any CPU
		{B13CBBCE-F595-47A2-9040-D68F90B8894C}.Debug|Any CPU.Build.0 = Debug|Any CPU
		{B13CBBCE-F595-47A2-9040-D68F90B8894C}.Debug|x64.ActiveCfg = Debug|Any CPU
		{B13CBBCE-F595-47A2-9040-D68F90B8894C}.Debug|x64.Build.0 = Debug|Any CPU
		{B13CBBCE-F595-47A2-9040-D68F90B8894C}.Debug|x86.ActiveCfg = Debug|Any CPU
		{B13CBBCE-F595-47A2-9040-D68F90B8894C}.Debug|x86.Build.0 = Debug|Any CPU
		{B13CBBCE-F595-47A2-9040-D68F90B8894C}.Release|Any CPU.ActiveCfg = Release|Any CPU
		{B13CBBCE-F595-47A2-9040-D68F90B8894C}.Release|Any CPU.Build.0 = Release|Any CPU
		{B13CBBCE-F595-47A2-9040-D68F90B8894C}.Release|x64.ActiveCfg = Release|Any CPU
		{B13CBBCE-F595-47A2-9040-D68F90B8894C}.Release|x64.Build.0 = Release|Any CPU
		{B13CBBCE-F595-47A2-9040-D68F90B8894C}.Release|x86.ActiveCfg = Release|Any CPU
		{B13CBBCE-F595-47A2-9040-D68F90B8894C}.Release|x86.Build.0 = Release|Any CPU
		{EC26E3E6-D006-4AE2-A5FC-C456525CB30C}.Debug|Any CPU.ActiveCfg = Debug|Any CPU
		{EC26E3E6-D006-4AE2-A5FC-C456525CB30C}.Debug|Any CPU.Build.0 = Debug|Any CPU
		{EC26E3E6-D006-4AE2-A5FC-C456525CB30C}.Debug|x64.ActiveCfg = Debug|Any CPU
		{EC26E3E6-D006-4AE2-A5FC-C456525CB30C}.Debug|x64.Build.0 = Debug|Any CPU
		{EC26E3E6-D006-4AE2-A5FC-C456525CB30C}.Debug|x86.ActiveCfg = Debug|Any CPU
		{EC26E3E6-D006-4AE2-A5FC-C456525CB30C}.Debug|x86.Build.0 = Debug|Any CPU
		{EC26E3E6-D006-4AE2-A5FC-C456525CB30C}.Release|Any CPU.ActiveCfg = Release|Any CPU
		{EC26E3E6-D006-4AE2-A5FC-C456525CB30C}.Release|Any CPU.Build.0 = Release|Any CPU
		{EC26E3E6-D006-4AE2-A5FC-C456525CB30C}.Release|x64.ActiveCfg = Release|Any CPU
		{EC26E3E6-D006-4AE2-A5FC-C456525CB30C}.Release|x64.Build.0 = Release|Any CPU
		{EC26E3E6-D006-4AE2-A5FC-C456525CB30C}.Release|x86.ActiveCfg = Release|Any CPU
		{EC26E3E6-D006-4AE2-A5FC-C456525CB30C}.Release|x86.Build.0 = Release|Any CPU
		{5BEF8A7E-5382-400E-9B05-2ABFF8FEC2ED}.Debug|Any CPU.ActiveCfg = Debug|Any CPU
		{5BEF8A7E-5382-400E-9B05-2ABFF8FEC2ED}.Debug|Any CPU.Build.0 = Debug|Any CPU
		{5BEF8A7E-5382-400E-9B05-2ABFF8FEC2ED}.Debug|x64.ActiveCfg = Debug|Any CPU
		{5BEF8A7E-5382-400E-9B05-2ABFF8FEC2ED}.Debug|x64.Build.0 = Debug|Any CPU
		{5BEF8A7E-5382-400E-9B05-2ABFF8FEC2ED}.Debug|x86.ActiveCfg = Debug|Any CPU
		{5BEF8A7E-5382-400E-9B05-2ABFF8FEC2ED}.Debug|x86.Build.0 = Debug|Any CPU
		{5BEF8A7E-5382-400E-9B05-2ABFF8FEC2ED}.Release|Any CPU.ActiveCfg = Release|Any CPU
		{5BEF8A7E-5382-400E-9B05-2ABFF8FEC2ED}.Release|Any CPU.Build.0 = Release|Any CPU
		{5BEF8A7E-5382-400E-9B05-2ABFF8FEC2ED}.Release|x64.ActiveCfg = Release|Any CPU
		{5BEF8A7E-5382-400E-9B05-2ABFF8FEC2ED}.Release|x64.Build.0 = Release|Any CPU
		{5BEF8A7E-5382-400E-9B05-2ABFF8FEC2ED}.Release|x86.ActiveCfg = Release|Any CPU
		{5BEF8A7E-5382-400E-9B05-2ABFF8FEC2ED}.Release|x86.Build.0 = Release|Any CPU
		{B6BDDED3-CEED-4122-B059-054672ACBACD}.Debug|Any CPU.ActiveCfg = Debug|Any CPU
		{B6BDDED3-CEED-4122-B059-054672ACBACD}.Debug|Any CPU.Build.0 = Debug|Any CPU
		{B6BDDED3-CEED-4122-B059-054672ACBACD}.Debug|x64.ActiveCfg = Debug|Any CPU
		{B6BDDED3-CEED-4122-B059-054672ACBACD}.Debug|x64.Build.0 = Debug|Any CPU
		{B6BDDED3-CEED-4122-B059-054672ACBACD}.Debug|x86.ActiveCfg = Debug|Any CPU
		{B6BDDED3-CEED-4122-B059-054672ACBACD}.Debug|x86.Build.0 = Debug|Any CPU
		{B6BDDED3-CEED-4122-B059-054672ACBACD}.Release|Any CPU.ActiveCfg = Release|Any CPU
		{B6BDDED3-CEED-4122-B059-054672ACBACD}.Release|Any CPU.Build.0 = Release|Any CPU
		{B6BDDED3-CEED-4122-B059-054672ACBACD}.Release|x64.ActiveCfg = Release|Any CPU
		{B6BDDED3-CEED-4122-B059-054672ACBACD}.Release|x64.Build.0 = Release|Any CPU
		{B6BDDED3-CEED-4122-B059-054672ACBACD}.Release|x86.ActiveCfg = Release|Any CPU
		{B6BDDED3-CEED-4122-B059-054672ACBACD}.Release|x86.Build.0 = Release|Any CPU
		{4CA89FAE-C938-4D05-85D4-FADEF55764E4}.Debug|Any CPU.ActiveCfg = Debug|Any CPU
		{4CA89FAE-C938-4D05-85D4-FADEF55764E4}.Debug|Any CPU.Build.0 = Debug|Any CPU
		{4CA89FAE-C938-4D05-85D4-FADEF55764E4}.Debug|x64.ActiveCfg = Debug|Any CPU
		{4CA89FAE-C938-4D05-85D4-FADEF55764E4}.Debug|x64.Build.0 = Debug|Any CPU
		{4CA89FAE-C938-4D05-85D4-FADEF55764E4}.Debug|x86.ActiveCfg = Debug|Any CPU
		{4CA89FAE-C938-4D05-85D4-FADEF55764E4}.Debug|x86.Build.0 = Debug|Any CPU
		{4CA89FAE-C938-4D05-85D4-FADEF55764E4}.Release|Any CPU.ActiveCfg = Release|Any CPU
		{4CA89FAE-C938-4D05-85D4-FADEF55764E4}.Release|Any CPU.Build.0 = Release|Any CPU
		{4CA89FAE-C938-4D05-85D4-FADEF55764E4}.Release|x64.ActiveCfg = Release|Any CPU
		{4CA89FAE-C938-4D05-85D4-FADEF55764E4}.Release|x64.Build.0 = Release|Any CPU
		{4CA89FAE-C938-4D05-85D4-FADEF55764E4}.Release|x86.ActiveCfg = Release|Any CPU
		{4CA89FAE-C938-4D05-85D4-FADEF55764E4}.Release|x86.Build.0 = Release|Any CPU
		{F5DD6A16-9AA7-4CC7-9439-0CEBCF358AE3}.Debug|Any CPU.ActiveCfg = Debug|Any CPU
		{F5DD6A16-9AA7-4CC7-9439-0CEBCF358AE3}.Debug|Any CPU.Build.0 = Debug|Any CPU
		{F5DD6A16-9AA7-4CC7-9439-0CEBCF358AE3}.Debug|x64.ActiveCfg = Debug|Any CPU
		{F5DD6A16-9AA7-4CC7-9439-0CEBCF358AE3}.Debug|x64.Build.0 = Debug|Any CPU
		{F5DD6A16-9AA7-4CC7-9439-0CEBCF358AE3}.Debug|x86.ActiveCfg = Debug|Any CPU
		{F5DD6A16-9AA7-4CC7-9439-0CEBCF358AE3}.Debug|x86.Build.0 = Debug|Any CPU
		{F5DD6A16-9AA7-4CC7-9439-0CEBCF358AE3}.Release|Any CPU.ActiveCfg = Release|Any CPU
		{F5DD6A16-9AA7-4CC7-9439-0CEBCF358AE3}.Release|Any CPU.Build.0 = Release|Any CPU
		{F5DD6A16-9AA7-4CC7-9439-0CEBCF358AE3}.Release|x64.ActiveCfg = Release|Any CPU
		{F5DD6A16-9AA7-4CC7-9439-0CEBCF358AE3}.Release|x64.Build.0 = Release|Any CPU
		{F5DD6A16-9AA7-4CC7-9439-0CEBCF358AE3}.Release|x86.ActiveCfg = Release|Any CPU
		{F5DD6A16-9AA7-4CC7-9439-0CEBCF358AE3}.Release|x86.Build.0 = Release|Any CPU
		{6E53CE27-51AC-4BE6-A0FB-767EB832B3A9}.Debug|Any CPU.ActiveCfg = Debug|Any CPU
		{6E53CE27-51AC-4BE6-A0FB-767EB832B3A9}.Debug|Any CPU.Build.0 = Debug|Any CPU
		{6E53CE27-51AC-4BE6-A0FB-767EB832B3A9}.Debug|x64.ActiveCfg = Debug|Any CPU
		{6E53CE27-51AC-4BE6-A0FB-767EB832B3A9}.Debug|x64.Build.0 = Debug|Any CPU
		{6E53CE27-51AC-4BE6-A0FB-767EB832B3A9}.Debug|x86.ActiveCfg = Debug|Any CPU
		{6E53CE27-51AC-4BE6-A0FB-767EB832B3A9}.Debug|x86.Build.0 = Debug|Any CPU
		{6E53CE27-51AC-4BE6-A0FB-767EB832B3A9}.Release|Any CPU.ActiveCfg = Release|Any CPU
		{6E53CE27-51AC-4BE6-A0FB-767EB832B3A9}.Release|Any CPU.Build.0 = Release|Any CPU
		{6E53CE27-51AC-4BE6-A0FB-767EB832B3A9}.Release|x64.ActiveCfg = Release|Any CPU
		{6E53CE27-51AC-4BE6-A0FB-767EB832B3A9}.Release|x64.Build.0 = Release|Any CPU
		{6E53CE27-51AC-4BE6-A0FB-767EB832B3A9}.Release|x86.ActiveCfg = Release|Any CPU
		{6E53CE27-51AC-4BE6-A0FB-767EB832B3A9}.Release|x86.Build.0 = Release|Any CPU
		{98C733A8-F286-4529-8C92-02245DFBC9D6}.Debug|Any CPU.ActiveCfg = Debug|Any CPU
		{98C733A8-F286-4529-8C92-02245DFBC9D6}.Debug|Any CPU.Build.0 = Debug|Any CPU
		{98C733A8-F286-4529-8C92-02245DFBC9D6}.Debug|x64.ActiveCfg = Debug|Any CPU
		{98C733A8-F286-4529-8C92-02245DFBC9D6}.Debug|x64.Build.0 = Debug|Any CPU
		{98C733A8-F286-4529-8C92-02245DFBC9D6}.Debug|x86.ActiveCfg = Debug|Any CPU
		{98C733A8-F286-4529-8C92-02245DFBC9D6}.Debug|x86.Build.0 = Debug|Any CPU
		{98C733A8-F286-4529-8C92-02245DFBC9D6}.Release|Any CPU.ActiveCfg = Release|Any CPU
		{98C733A8-F286-4529-8C92-02245DFBC9D6}.Release|Any CPU.Build.0 = Release|Any CPU
		{98C733A8-F286-4529-8C92-02245DFBC9D6}.Release|x64.ActiveCfg = Release|Any CPU
		{98C733A8-F286-4529-8C92-02245DFBC9D6}.Release|x64.Build.0 = Release|Any CPU
		{98C733A8-F286-4529-8C92-02245DFBC9D6}.Release|x86.ActiveCfg = Release|Any CPU
		{98C733A8-F286-4529-8C92-02245DFBC9D6}.Release|x86.Build.0 = Release|Any CPU
		{30413AFD-531D-403D-B199-57ED09F1DE9E}.Debug|Any CPU.ActiveCfg = Debug|Any CPU
		{30413AFD-531D-403D-B199-57ED09F1DE9E}.Debug|Any CPU.Build.0 = Debug|Any CPU
		{30413AFD-531D-403D-B199-57ED09F1DE9E}.Debug|x64.ActiveCfg = Debug|Any CPU
		{30413AFD-531D-403D-B199-57ED09F1DE9E}.Debug|x64.Build.0 = Debug|Any CPU
		{30413AFD-531D-403D-B199-57ED09F1DE9E}.Debug|x86.ActiveCfg = Debug|Any CPU
		{30413AFD-531D-403D-B199-57ED09F1DE9E}.Debug|x86.Build.0 = Debug|Any CPU
		{30413AFD-531D-403D-B199-57ED09F1DE9E}.Release|Any CPU.ActiveCfg = Release|Any CPU
		{30413AFD-531D-403D-B199-57ED09F1DE9E}.Release|Any CPU.Build.0 = Release|Any CPU
		{30413AFD-531D-403D-B199-57ED09F1DE9E}.Release|x64.ActiveCfg = Release|Any CPU
		{30413AFD-531D-403D-B199-57ED09F1DE9E}.Release|x64.Build.0 = Release|Any CPU
		{30413AFD-531D-403D-B199-57ED09F1DE9E}.Release|x86.ActiveCfg = Release|Any CPU
		{30413AFD-531D-403D-B199-57ED09F1DE9E}.Release|x86.Build.0 = Release|Any CPU
	EndGlobalSection
	GlobalSection(SolutionProperties) = preSolution
		HideSolutionNode = FALSE
	EndGlobalSection
	GlobalSection(NestedProjects) = preSolution
		{98130B87-91B5-4E9A-AF37-6DBDE25F1241} = {827E0CD3-B72D-47B6-A68D-7590B98EB39B}
		{769E42DB-1A07-4EFC-8C0A-D70D384EE50D} = {0AB3BF05-4346-4AA6-1389-037BE0695223}
		{1898CEFA-F857-479C-9C7A-4755D00B76BF} = {827E0CD3-B72D-47B6-A68D-7590B98EB39B}
		{485977FF-CEBC-41A9-A98E-6F6993F576E9} = {0AB3BF05-4346-4AA6-1389-037BE0695223}
		{F4A1B815-7E60-4F55-B5B3-3408768758F1} = {07C2787E-EAC7-C090-1BA3-A61EC2A24D84}
		{A71D273A-D56E-4677-B22A-A4BE2C3F2832} = {827E0CD3-B72D-47B6-A68D-7590B98EB39B}
		{53A8ADEF-47A5-4D84-8D65-E57EF484DC9D} = {0AB3BF05-4346-4AA6-1389-037BE0695223}
		{636F4425-0643-4C97-B9C5-C524560250B8} = {0AB3BF05-4346-4AA6-1389-037BE0695223}
		{1D2C134B-1F8F-4240-BE2C-EDFA986F306D} = {827E0CD3-B72D-47B6-A68D-7590B98EB39B}
		{7B7ACE27-2A2A-4724-9335-DE840DA46710} = {0AB3BF05-4346-4AA6-1389-037BE0695223}
		{0450ED18-ACFE-4C79-8110-EDEBE8E5DE69} = {0AB3BF05-4346-4AA6-1389-037BE0695223}
		{4C9DAA98-DDC0-4EAD-B74C-881E1145C1D9} = {0AB3BF05-4346-4AA6-1389-037BE0695223}
		{230E04E0-B587-43D4-8818-F1EE55135347} = {827E0CD3-B72D-47B6-A68D-7590B98EB39B}
		{B13CBBCE-F595-47A2-9040-D68F90B8894C} = {0AB3BF05-4346-4AA6-1389-037BE0695223}
		{EC26E3E6-D006-4AE2-A5FC-C456525CB30C} = {0AB3BF05-4346-4AA6-1389-037BE0695223}
		{5BEF8A7E-5382-400E-9B05-2ABFF8FEC2ED} = {827E0CD3-B72D-47B6-A68D-7590B98EB39B}
		{B6BDDED3-CEED-4122-B059-054672ACBACD} = {0AB3BF05-4346-4AA6-1389-037BE0695223}
		{4CA89FAE-C938-4D05-85D4-FADEF55764E4} = {827E0CD3-B72D-47B6-A68D-7590B98EB39B}
		{F5DD6A16-9AA7-4CC7-9439-0CEBCF358AE3} = {0AB3BF05-4346-4AA6-1389-037BE0695223}
		{6E53CE27-51AC-4BE6-A0FB-767EB832B3A9} = {827E0CD3-B72D-47B6-A68D-7590B98EB39B}
		{98C733A8-F286-4529-8C92-02245DFBC9D6} = {0AB3BF05-4346-4AA6-1389-037BE0695223}
		{30413AFD-531D-403D-B199-57ED09F1DE9E} = {0AB3BF05-4346-4AA6-1389-037BE0695223}
	EndGlobalSection
EndGlobal
