
Microsoft Visual Studio Solution File, Format Version 12.00
# Visual Studio Version 17
VisualStudioVersion = 17.0.31903.59
MinimumVisualStudioVersion = 10.0.40219.1
Project("{2150E333-8FDC-42A3-9474-1A3956D46DE8}") = "src", "src", "{827E0CD3-B72D-47B6-A68D-7590B98EB39B}"
EndProject
Project("{FAE04EC0-301F-11D3-BF4B-00C04F79EFBC}") = "Armory.Core", "src\Armory.Core\Armory.Core.csproj", "{98130B87-91B5-4E9A-AF37-6DBDE25F1241}"
EndProject
Project("{2150E333-8FDC-42A3-9474-1A3956D46DE8}") = "tests", "tests", "{0AB3BF05-4346-4AA6-1389-037BE0695223}"
EndProject
Project("{FAE04EC0-301F-11D3-BF4B-00C04F79EFBC}") = "Armory.Core.Tests", "tests\Armory.Core.Tests\Armory.Core.Tests.csproj", "{769E42DB-1A07-4EFC-8C0A-D70D384EE50D}"
EndProject
Project("{FAE04EC0-301F-11D3-BF4B-00C04F79EFBC}") = "Armory.Platform.Windows", "src\Armory.Platform.Windows\Armory.Platform.Windows.csproj", "{1898CEFA-F857-479C-9C7A-4755D00B76BF}"
EndProject
Project("{FAE04EC0-301F-11D3-BF4B-00C04F79EFBC}") = "Armory.Platform.Windows.Tests", "tests\Armory.Platform.Windows.Tests\Armory.Platform.Windows.Tests.csproj", "{485977FF-CEBC-41A9-A98E-6F6993F576E9}"
EndProject
Project("{2150E333-8FDC-42A3-9474-1A3956D46DE8}") = "tools", "tools", "{07C2787E-EAC7-C090-1BA3-A61EC2A24D84}"
EndProject
Project("{FAE04EC0-301F-11D3-BF4B-00C04F79EFBC}") = "Armory.Probe", "tools\Armory.Probe\Armory.Probe.csproj", "{F4A1B815-7E60-4F55-B5B3-3408768758F1}"
EndProject
Global
	GlobalSection(SolutionConfigurationPlatforms) = preSolution
		Debug|Any CPU = Debug|Any CPU
		Debug|x64 = Debug|x64
		Debug|x86 = Debug|x86
		Release|Any CPU = Release|Any CPU
		Release|x64 = Release|x64
		Release|x86 = Release|x86
	EndGlobalSection
	GlobalSection(ProjectConfigurationPlatforms) = postSolution
		{98130B87-91B5-4E9A-AF37-6DBDE25F1241}.Debug|Any CPU.ActiveCfg = Debug|Any CPU
		{98130B87-91B5-4E9A-AF37-6DBDE25F1241}.Debug|Any CPU.Build.0 = Debug|Any CPU
		{98130B87-91B5-4E9A-AF37-6DBDE25F1241}.Debug|x64.ActiveCfg = Debug|Any CPU
		{98130B87-91B5-4E9A-AF37-6DBDE25F1241}.Debug|x64.Build.0 = Debug|Any CPU
		{98130B87-91B5-4E9A-AF37-6DBDE25F1241}.Debug|x86.ActiveCfg = Debug|Any CPU
		{98130B87-91B5-4E9A-AF37-6DBDE25F1241}.Debug|x86.Build.0 = Debug|Any CPU
		{98130B87-91B5-4E9A-AF37-6DBDE25F1241}.Release|Any CPU.ActiveCfg = Release|Any CPU
		{98130B87-91B5-4E9A-AF37-6DBDE25F1241}.Release|Any CPU.Build.0 = Release|Any CPU
		{98130B87-91B5-4E9A-AF37-6DBDE25F1241}.Release|x64.ActiveCfg = Release|Any CPU
		{98130B87-91B5-4E9A-AF37-6DBDE25F1241}.Release|x64.Build.0 = Release|Any CPU
		{98130B87-91B5-4E9A-AF37-6DBDE25F1241}.Release|x86.ActiveCfg = Release|Any CPU
		{98130B87-91B5-4E9A-AF37-6DBDE25F1241}.Release|x86.Build.0 = Release|Any CPU
		{769E42DB-1A07-4EFC-8C0A-D70D384EE50D}.Debug|Any CPU.ActiveCfg = Debug|Any CPU
		{769E42DB-1A07-4EFC-8C0A-D70D384EE50D}.Debug|Any CPU.Build.0 = Debug|Any CPU
		{769E42DB-1A07-4EFC-8C0A-D70D384EE50D}.Debug|x64.ActiveCfg = Debug|Any CPU
		{769E42DB-1A07-4EFC-8C0A-D70D384EE50D}.Debug|x64.Build.0 = Debug|Any CPU
		{769E42DB-1A07-4EFC-8C0A-D70D384EE50D}.Debug|x86.ActiveCfg = Debug|Any CPU
		{769E42DB-1A07-4EFC-8C0A-D70D384EE50D}.Debug|x86.Build.0 = Debug|Any CPU
		{769E42DB-1A07-4EFC-8C0A-D70D384EE50D}.Release|Any CPU.ActiveCfg = Release|Any CPU
		{769E42DB-1A07-4EFC-8C0A-D70D384EE50D}.Release|Any CPU.Build.0 = Release|Any CPU
		{769E42DB-1A07-4EFC-8C0A-D70D384EE50D}.Release|x64.ActiveCfg = Release|Any CPU
		{769E42DB-1A07-4EFC-8C0A-D70D384EE50D}.Release|x64.Build.0 = Release|Any CPU
		{769E42DB-1A07-4EFC-8C0A-D70D384EE50D}.Release|x86.ActiveCfg = Release|Any CPU
		{769E42DB-1A07-4EFC-8C0A-D70D384EE50D}.Release|x86.Build.0 = Release|Any CPU
		{1898CEFA-F857-479C-9C7A-4755D00B76BF}.Debug|Any CPU.ActiveCfg = Debug|Any CPU
		{1898CEFA-F857-479C-9C7A-4755D00B76BF}.Debug|Any CPU.Build.0 = Debug|Any CPU
		{1898CEFA-F857-479C-9C7A-4755D00B76BF}.Debug|x64.ActiveCfg = Debug|Any CPU
		{1898CEFA-F857-479C-9C7A-4755D00B76BF}.Debug|x64.Build.0 = Debug|Any CPU
		{1898CEFA-F857-479C-9C7A-4755D00B76BF}.Debug|x86.ActiveCfg = Debug|Any CPU
		{1898CEFA-F857-479C-9C7A-4755D00B76BF}.Debug|x86.Build.0 = Debug|Any CPU
		{1898CEFA-F857-479C-9C7A-4755D00B76BF}.Release|Any CPU.ActiveCfg = Release|Any CPU
		{1898CEFA-F857-479C-9C7A-4755D00B76BF}.Release|Any CPU.Build.0 = Release|Any CPU
		{1898CEFA-F857-479C-9C7A-4755D00B76BF}.Release|x64.ActiveCfg = Release|Any CPU
		{1898CEFA-F857-479C-9C7A-4755D00B76BF}.Release|x64.Build.0 = Release|Any CPU
		{1898CEFA-F857-479C-9C7A-4755D00B76BF}.Release|x86.ActiveCfg = Release|Any CPU
		{1898CEFA-F857-479C-9C7A-4755D00B76BF}.Release|x86.Build.0 = Release|Any CPU
		{485977FF-CEBC-41A9-A98E-6F6993F576E9}.Debug|Any CPU.ActiveCfg = Debug|Any CPU
		{485977FF-CEBC-41A9-A98E-6F6993F576E9}.Debug|Any CPU.Build.0 = Debug|Any CPU
		{485977FF-CEBC-41A9-A98E-6F6993F576E9}.Debug|x64.ActiveCfg = Debug|Any CPU
		{485977FF-CEBC-41A9-A98E-6F6993F576E9}.Debug|x64.Build.0 = Debug|Any CPU
		{485977FF-CEBC-41A9-A98E-6F6993F576E9}.Debug|x86.ActiveCfg = Debug|Any CPU
		{485977FF-CEBC-41A9-A98E-6F6993F576E9}.Debug|x86.Build.0 = Debug|Any CPU
		{485977FF-CEBC-41A9-A98E-6F6993F576E9}.Release|Any CPU.ActiveCfg = Release|Any CPU
		{485977FF-CEBC-41A9-A98E-6F6993F576E9}.Release|Any CPU.Build.0 = Release|Any CPU
		{485977FF-CEBC-41A9-A98E-6F6993F576E9}.Release|x64.ActiveCfg = Release|Any CPU
		{485977FF-CEBC-41A9-A98E-6F6993F576E9}.Release|x64.Build.0 = Release|Any CPU
		{485977FF-CEBC-41A9-A98E-6F6993F576E9}.Release|x86.ActiveCfg = Release|Any CPU
		{485977FF-CEBC-41A9-A98E-6F6993F576E9}.Release|x86.Build.0 = Release|Any CPU
		{F4A1B815-7E60-4F55-B5B3-3408768758F1}.Debug|Any CPU.ActiveCfg = Debug|Any CPU
		{F4A1B815-7E60-4F55-B5B3-3408768758F1}.Debug|Any CPU.Build.0 = Debug|Any CPU
		{F4A1B815-7E60-4F55-B5B3-3408768758F1}.Debug|x64.ActiveCfg = Debug|Any CPU
		{F4A1B815-7E60-4F55-B5B3-3408768758F1}.Debug|x64.Build.0 = Debug|Any CPU
		{F4A1B815-7E60-4F55-B5B3-3408768758F1}.Debug|x86.ActiveCfg = Debug|Any CPU
		{F4A1B815-7E60-4F55-B5B3-3408768758F1}.Debug|x86.Build.0 = Debug|Any CPU
		{F4A1B815-7E60-4F55-B5B3-3408768758F1}.Release|Any CPU.ActiveCfg = Release|Any CPU
		{F4A1B815-7E60-4F55-B5B3-3408768758F1}.Release|Any CPU.Build.0 = Release|Any CPU
		{F4A1B815-7E60-4F55-B5B3-3408768758F1}.Release|x64.ActiveCfg = Release|Any CPU
		{F4A1B815-7E60-4F55-B5B3-3408768758F1}.Release|x64.Build.0 = Release|Any CPU
		{F4A1B815-7E60-4F55-B5B3-3408768758F1}.Release|x86.ActiveCfg = Release|Any CPU
		{F4A1B815-7E60-4F55-B5B3-3408768758F1}.Release|x86.Build.0 = Release|Any CPU
	EndGlobalSection
	GlobalSection(SolutionProperties) = preSolution
		HideSolutionNode = FALSE
	EndGlobalSection
	GlobalSection(NestedProjects) = preSolution
		{98130B87-91B5-4E9A-AF37-6DBDE25F1241} = {827E0CD3-B72D-47B6-A68D-7590B98EB39B}
		{769E42DB-1A07-4EFC-8C0A-D70D384EE50D} = {0AB3BF05-4346-4AA6-1389-037BE0695223}
		{1898CEFA-F857-479C-9C7A-4755D00B76BF} = {827E0CD3-B72D-47B6-A68D-7590B98EB39B}
		{485977FF-CEBC-41A9-A98E-6F6993F576E9} = {0AB3BF05-4346-4AA6-1389-037BE0695223}
		{F4A1B815-7E60-4F55-B5B3-3408768758F1} = {07C2787E-EAC7-C090-1BA3-A61EC2A24D84}
	EndGlobalSection
EndGlobal
